{
  "version": "5",
  "remote": {
    "https://edge.netlify.com/": "fd941d61d88673d5f28aab283fb86fcc50f08a3bc80ee5470498fcfa88c65cfb",
    "https://edge.netlify.com/bootstrap/config.ts": "6a2ce0e544e15e8f8883a5c18da5948e37fd0f2619f68cb31f3af53c51817025",
    "https://edge.netlify.com/bootstrap/context.ts": "e97240232121e2f369f6546ce961490f34d961ea1ea54be3ff09633e3f08373f",
    "https://edge.netlify.com/bootstrap/cookie.ts": "8b0baae708989ca183c6f3b4ab3d029e6abcbc2e43f93edeb0ff447b3bbc3a05",
    "https://edge.netlify.com/bootstrap/edge_function.ts": "b8253e86aa83c67341f5cfedeba5049d77fbf84dcab7eceff7566b7728ae9b39",
    "https://edge.netlify.com/bootstrap/globals/types.ts": "eaa6148ded3121d8dee62dd91c86e7fe76601df0f3ca8d7962243a30f4c8935f"
  },
  "workspace": {
    "packageJson": {
      "dependencies": [
        "npm:@base-ui/react@^1.8.0",
        "npm:@date-fns/tz@^1.5.0",
        "npm:@dnd-kit/core@^6.3.1",
        "npm:@dnd-kit/modifiers@9",
        "npm:@dnd-kit/sortable@10",
        "npm:@dnd-kit/utilities@^3.2.2",
        "npm:@github-ui/storybook-addon-performance-panel@^1.2.0",
        "npm:@storybook/addon-a11y@10.6.0",
        "npm:@storybook/addon-docs@10.6.0",
        "npm:@storybook/addon-links@10.6.0",
        "npm:@storybook/addon-mcp@^10.6.0",
        "npm:@storybook/addon-vitest@10.6.0",
        "npm:@storybook/tanstack-react@10.6.0",
        "npm:@stylexjs/atoms@0.19",
        "npm:@stylexjs/stylex@0.19",
        "npm:@stylexjs/unplugin@0.19",
        "npm:@tanstack/charts@~0.16.2",
        "npm:@tanstack/devtools-vite@~0.8.5",
        "npm:@tanstack/react-devtools@~0.10.12",
        "npm:@tanstack/react-form@^1.33.5",
        "npm:@tanstack/react-hotkeys@0.10",
        "npm:@tanstack/react-query-devtools@^5.102.8",
        "npm:@tanstack/react-query@^5.102.8",
        "npm:@tanstack/react-router-devtools@^1.167.1",
        "npm:@tanstack/react-router@^1.170.33",
        "npm:@tanstack/react-store@~0.11.1",
        "npm:@tanstack/react-table@^9.2.4",
        "npm:@tanstack/react-virtual@^3.14.11",
        "npm:@tanstack/router-cli@^1.167.34",
        "npm:@tanstack/router-plugin@^1.168.36",
        "npm:@testing-library/jest-dom@^7.0.1",
        "npm:@testing-library/react@^16.3.3",
        "npm:@types/node@^26.5.0",
        "npm:@types/react-dom@^19.2.7",
        "npm:@types/react@^19.2.18",
        "npm:@vitejs/plugin-react@^6.1.1",
        "npm:@vitest/browser-playwright@5",
        "npm:@vitest/coverage-v8@5",
        "npm:@vitest/ui@5",
        "npm:comlink@^4.4.2",
        "npm:country-flag-icons@^1.6.20",
        "npm:date-fns@^4.4.0",
        "npm:happy-dom@^20.14.0",
        "npm:knip@^6.35.1",
        "npm:lefthook@^2.1.12",
        "npm:lucide-react@^1.43.0",
        "npm:npm-check-updates@^23.1.0",
        "npm:ofetch@^1.5.1",
        "npm:oxfmt@0.67",
        "npm:oxlint@^1.82.0",
        "npm:playwright@^1.63.0",
        "npm:react-day-picker@^10.0.1",
        "npm:react-dom@^19.2.8",
        "npm:react-phone-number-input@^3.4.18",
        "npm:react-resizable-panels@^4.12.4",
        "npm:react@^19.2.8",
        "npm:remark-gfm@^4.0.1",
        "npm:storybook@10.6.0",
        "npm:typescript@^7.0.2",
        "npm:vite@^8.2.2",
        "npm:vitest@5",
        "npm:zod@^4.5.4"
      ]
    }
  }
}
